
Microsoft Visual Studio Solution File, Format Version 12.00
# Visual Studio Version 17
VisualStudioVersion = 17.13.35931.197
MinimumVisualStudioVersion = 10.0.40219.1
Project("{2150E333-8FDC-42A3-9474-1A3956D46DE8}") = "Tests", "Tests", "{02EA681E-C7D8-13C7-8484-4AC65E1B71E8}"
EndProject
Project("{2150E333-8FDC-42A3-9474-1A3956D46DE8}") = "src", "src", "{F6C9EB06-266D-4AF9-B378-80B3DF3E00D3}"
EndProject
Project("{FAE04EC0-301F-11D3-BF4B-00C04F79EFBC}") = "Pinterest.Api", "src\Pinterest.Api\Pinterest.Api.csproj", "{176A2064-7605-4088-867A-FEF72202A684}"
EndProject
Project("{FAE04EC0-301F-11D3-BF4B-00C04F79EFBC}") = "Pinterest.Application", "src\Pinterest.Application\Pinterest.Application.csproj", "{404AC18A-0D18-4598-8A73-C01CECF97D01}"
EndProject
Project("{FAE04EC0-301F-11D3-BF4B-00C04F79EFBC}") = "Pinterest.Domain", "src\Pinterest.Domain\Pinterest.Domain.csproj", "{904DB4C6-4DDF-409D-949C-DCC465708B92}"
EndProject
Project("{FAE04EC0-301F-11D3-BF4B-00C04F79EFBC}") = "Pinterest.Infrastructure", "src\Pinterest.Infrastructure\Pinterest.Infrastructure.csproj", "{5ABCB933-D14C-4028-BEFF-6BEB6E7D8735}"
EndProject
Project("{FAE04EC0-301F-11D3-BF4B-00C04F79EFBC}") = "Pinterest.Core", "src\Pinterest.Core\Pinterest.Core.csproj", "{D2C84B96-E821-494D-B18A-66358299DC67}"
EndProject
Global
	GlobalSection(SolutionConfigurationPlatforms) = preSolution
		Debug|Any CPU = Debug|Any CPU
		Release|Any CPU = Release|Any CPU
	EndGlobalSection
	GlobalSection(ProjectConfigurationPlatforms) = postSolution
		{176A2064-7605-4088-867A-FEF72202A684}.Debug|Any CPU.ActiveCfg = Debug|Any CPU
		{176A2064-7605-4088-867A-FEF72202A684}.Debug|Any CPU.Build.0 = Debug|Any CPU
		{176A2064-7605-4088-867A-FEF72202A684}.Release|Any CPU.ActiveCfg = Release|Any CPU
		{176A2064-7605-4088-867A-FEF72202A684}.Release|Any CPU.Build.0 = Release|Any CPU
		{404AC18A-0D18-4598-8A73-C01CECF97D01}.Debug|Any CPU.ActiveCfg = Debug|Any CPU
		{404AC18A-0D18-4598-8A73-C01CECF97D01}.Debug|Any CPU.Build.0 = Debug|Any CPU
		{404AC18A-0D18-4598-8A73-C01CECF97D01}.Release|Any CPU.ActiveCfg = Release|Any CPU
		{404AC18A-0D18-4598-8A73-C01CECF97D01}.Release|Any CPU.Build.0 = Release|Any CPU
		{904DB4C6-4DDF-409D-949C-DCC465708B92}.Debug|Any CPU.ActiveCfg = Debug|Any CPU
		{904DB4C6-4DDF-409D-949C-DCC465708B92}.Debug|Any CPU.Build.0 = Debug|Any CPU
		{904DB4C6-4DDF-409D-949C-DCC465708B92}.Release|Any CPU.ActiveCfg = Release|Any CPU
		{904DB4C6-4DDF-409D-949C-DCC465708B92}.Release|Any CPU.Build.0 = Release|Any CPU
		{5ABCB933-D14C-4028-BEFF-6BEB6E7D8735}.Debug|Any CPU.ActiveCfg = Debug|Any CPU
		{5ABCB933-D14C-4028-BEFF-6BEB6E7D8735}.Debug|Any CPU.Build.0 = Debug|Any CPU
		{5ABCB933-D14C-4028-BEFF-6BEB6E7D8735}.Release|Any CPU.ActiveCfg = Release|Any CPU
		{5ABCB933-D14C-4028-BEFF-6BEB6E7D8735}.Release|Any CPU.Build.0 = Release|Any CPU
		{D2C84B96-E821-494D-B18A-66358299DC67}.Debug|Any CPU.ActiveCfg = Debug|Any CPU
		{D2C84B96-E821-494D-B18A-66358299DC67}.Debug|Any CPU.Build.0 = Debug|Any CPU
		{D2C84B96-E821-494D-B18A-66358299DC67}.Release|Any CPU.ActiveCfg = Release|Any CPU
		{D2C84B96-E821-494D-B18A-66358299DC67}.Release|Any CPU.Build.0 = Release|Any CPU
	EndGlobalSection
	GlobalSection(SolutionProperties) = preSolution
		HideSolutionNode = FALSE
	EndGlobalSection
	GlobalSection(NestedProjects) = preSolution
		{176A2064-7605-4088-867A-FEF72202A684} = {F6C9EB06-266D-4AF9-B378-80B3DF3E00D3}
		{404AC18A-0D18-4598-8A73-C01CECF97D01} = {F6C9EB06-266D-4AF9-B378-80B3DF3E00D3}
		{904DB4C6-4DDF-409D-949C-DCC465708B92} = {F6C9EB06-266D-4AF9-B378-80B3DF3E00D3}
		{5ABCB933-D14C-4028-BEFF-6BEB6E7D8735} = {F6C9EB06-266D-4AF9-B378-80B3DF3E00D3}
		{D2C84B96-E821-494D-B18A-66358299DC67} = {F6C9EB06-266D-4AF9-B378-80B3DF3E00D3}
	EndGlobalSection
	GlobalSection(ExtensibilityGlobals) = postSolution
		SolutionGuid = {E477E130-A782-44F7-8EE9-92C8753F03F7}
	EndGlobalSection
EndGlobal
